{
  "name": "typescript-ast-util",
  "version": "1.0.0",
  "lockfileVersion": 1,
  "requires": true,
  "dependencies": {
    "@types/fs-extra": {
      "version": "5.0.1",
      "resolved": "https://registry.npmjs.org/@types/fs-extra/-/fs-extra-5.0.1.tgz",
      "integrity": "sha512-h3wnflb+jMTipvbbZnClgA2BexrT4w0GcfoCz5qyxd0IRsbqhLSyesM6mqZTAnhbVmhyTm5tuxfRu9R+8l+lGw==",
      "dev": true,
      "requires": {
        "@types/node": "*"
      },
      "dependencies": {
        "@types/node": {
          "version": "10.0.4",
          "bundled": true,
          "dev": true
        }
      }
    },
    "@types/handlebars": {
      "version": "4.0.36",
      "resolved": "https://registry.npmjs.org/@types/handlebars/-/handlebars-4.0.36.tgz",
      "integrity": "sha512-LjNiTX7TY7wtuC6y3QwC93hKMuqYhgV9A1uXBKNvZtVC8ZvyWAjZkJ5BvT0K7RKqORRYRLMrqCxpw5RgS+MdrQ==",
      "dev": true
    },
    "@types/highlight.js": {
      "version": "9.12.2",
      "resolved": "https://registry.npmjs.org/@types/highlight.js/-/highlight.js-9.12.2.tgz",
      "integrity": "sha512-y5x0XD/WXDaGSyiTaTcKS4FurULJtSiYbGTeQd0m2LYZGBcZZ/7fM6t5H/DzeUF+kv8y6UfmF6yJABQsHcp9VQ==",
      "dev": true
    },
    "@types/jasmine": {
      "version": "2.8.7",
      "resolved": "https://registry.npmjs.org/@types/jasmine/-/jasmine-2.8.7.tgz",
      "integrity": "sha512-RdbrPcW1aD78UmdLiDa9ZCKrbR5Go8PXh6GCpb4oIOkWVEusubSJJDrP4c5RYOu8m/CBz+ygZpicj6Pgms5a4Q==",
      "dev": true
    },
    "@types/lodash": {
      "version": "4.14.104",
      "resolved": "https://registry.npmjs.org/@types/lodash/-/lodash-4.14.104.tgz",
      "integrity": "sha512-ufQcVg4daO8xQ5kopxRHanqFdL4AI7ondQkV+2f+7mz3gvp0LkBx2zBRC6hfs3T87mzQFmf5Fck7Fi145Ul6NQ==",
      "dev": true
    },
    "@types/marked": {
      "version": "0.3.0",
      "resolved": "https://registry.npmjs.org/@types/marked/-/marked-0.3.0.tgz",
      "integrity": "sha512-CSf9YWJdX1DkTNu9zcNtdCcn6hkRtB5ILjbhRId4ZOQqx30fXmdecuaXhugQL6eyrhuXtaHJ7PHI+Vm7k9ZJjg==",
      "dev": true
    },
    "@types/minimatch": {
      "version": "3.0.3",
      "resolved": "https://registry.npmjs.org/@types/minimatch/-/minimatch-3.0.3.tgz",
      "integrity": "sha512-tHq6qdbT9U1IRSGf14CL0pUlULksvY9OZ+5eEgl1N7t+OA3tGvNpxJCzuKQlsNgCVwbAs670L1vcVQi8j9HjnA==",
      "dev": true
    },
    "@types/shelljs": {
      "version": "0.7.8",
      "resolved": "https://registry.npmjs.org/@types/shelljs/-/shelljs-0.7.8.tgz",
      "integrity": "sha512-M2giRw93PxKS7YjU6GZjtdV9HASdB7TWqizBXe4Ju7AqbKlWvTr0gNO92XH56D/gMxqD/jNHLNfC5hA34yGqrQ==",
      "dev": true,
      "requires": {
        "@types/glob": "*",
        "@types/node": "*"
      },
      "dependencies": {
        "@types/events": {
          "version": "1.2.0",
          "bundled": true,
          "dev": true
        },
        "@types/glob": {
          "version": "5.0.35",
          "bundled": true,
          "dev": true,
          "requires": {
            "@types/events": "*",
            "@types/minimatch": "*",
            "@types/node": "*"
          }
        },
        "@types/minimatch": {
          "version": "3.0.3",
          "bundled": true,
          "dev": true
        },
        "@types/node": {
          "version": "10.0.4",
          "bundled": true,
          "dev": true
        }
      }
    },
    "deepmerge": {
      "version": "2.1.0",
      "resolved": "https://registry.npmjs.org/deepmerge/-/deepmerge-2.1.0.tgz",
      "integrity": "sha512-Q89Z26KAfA3lpPGhbF6XMfYAm3jIV3avViy6KOJ2JLzFbeWHOvPQUu5aSJIWXap3gDZC2y1eF5HXEPI2wGqgvw==",
      "dev": true
    },
    "fs-extra": {
      "version": "5.0.0",
      "resolved": "https://registry.npmjs.org/fs-extra/-/fs-extra-5.0.0.tgz",
      "integrity": "sha512-66Pm4RYbjzdyeuqudYqhFiNBbCIuI9kgRqLPSHIlXHidW8NIQtVdkM1yeZ4lXwuhbTETv3EUGMNHAAw6hiundQ==",
      "dev": true,
      "requires": {
        "graceful-fs": "^4.1.2",
        "jsonfile": "^4.0.0",
        "universalify": "^0.1.0"
      },
      "dependencies": {
        "graceful-fs": {
          "version": "4.1.11",
          "bundled": true,
          "dev": true
        },
        "jsonfile": {
          "version": "4.0.0",
          "bundled": true,
          "dev": true,
          "requires": {
            "graceful-fs": "^4.1.6"
          }
        },
        "universalify": {
          "version": "0.1.1",
          "bundled": true,
          "dev": true
        }
      }
    },
    "glob": {
      "version": "7.1.2",
      "resolved": "https://registry.npmjs.org/glob/-/glob-7.1.2.tgz",
      "integrity": "sha512-MJTUg1kjuLeQCJ+ccE4Vpa6kKVXkPYJ2mOCQyUuKLcLQsdrMCpBPUi8qVE6+YuaJkozeA9NusTAw3hLr8Xe5EQ==",
      "requires": {
        "fs.realpath": "^1.0.0",
        "inflight": "^1.0.4",
        "inherits": "2",
        "minimatch": "^3.0.4",
        "once": "^1.3.0",
        "path-is-absolute": "^1.0.0"
      },
      "dependencies": {
        "balanced-match": {
          "version": "1.0.0",
          "bundled": true
        },
        "brace-expansion": {
          "version": "1.1.11",
          "bundled": true,
          "requires": {
            "balanced-match": "^1.0.0",
            "concat-map": "0.0.1"
          }
        },
        "concat-map": {
          "version": "0.0.1",
          "bundled": true
        },
        "fs.realpath": {
          "version": "1.0.0",
          "bundled": true
        },
        "inflight": {
          "version": "1.0.6",
          "bundled": true,
          "requires": {
            "once": "^1.3.0",
            "wrappy": "1"
          }
        },
        "inherits": {
          "version": "2.0.3",
          "bundled": true
        },
        "minimatch": {
          "version": "3.0.4",
          "bundled": true,
          "requires": {
            "brace-expansion": "^1.1.7"
          }
        },
        "once": {
          "version": "1.4.0",
          "bundled": true,
          "requires": {
            "wrappy": "1"
          }
        },
        "path-is-absolute": {
          "version": "1.0.1",
          "bundled": true
        },
        "wrappy": {
          "version": "1.0.2",
          "bundled": true
        }
      }
    },
    "handlebars": {
      "version": "4.0.11",
      "resolved": "https://registry.npmjs.org/handlebars/-/handlebars-4.0.11.tgz",
      "integrity": "sha1-Ywo13+ApS8KB7a5v/F0yn8eYLcw=",
      "dev": true,
      "requires": {
        "async": "^1.4.0",
        "optimist": "^0.6.1",
        "source-map": "^0.4.4",
        "uglify-js": "^2.6"
      },
      "dependencies": {
        "align-text": {
          "version": "0.1.4",
          "bundled": true,
          "dev": true,
          "requires": {
            "kind-of": "^3.0.2",
            "longest": "^1.0.1",
            "repeat-string": "^1.5.2"
          }
        },
        "amdefine": {
          "version": "1.0.1",
          "bundled": true,
          "dev": true
        },
        "async": {
          "version": "1.5.2",
          "bundled": true,
          "dev": true
        },
        "camelcase": {
          "version": "1.2.1",
          "bundled": true,
          "dev": true,
          "optional": true
        },
        "center-align": {
          "version": "0.1.3",
          "bundled": true,
          "dev": true,
          "optional": true,
          "requires": {
            "align-text": "^0.1.3",
            "lazy-cache": "^1.0.3"
          }
        },
        "cliui": {
          "version": "2.1.0",
          "bundled": true,
          "dev": true,
          "optional": true,
          "requires": {
            "center-align": "^0.1.1",
            "right-align": "^0.1.1",
            "wordwrap": "0.0.2"
          },
          "dependencies": {
            "wordwrap": {
              "version": "0.0.2",
              "bundled": true,
              "dev": true,
              "optional": true
            }
          }
        },
        "decamelize": {
          "version": "1.2.0",
          "bundled": true,
          "dev": true,
          "optional": true
        },
        "is-buffer": {
          "version": "1.1.6",
          "bundled": true,
          "dev": true
        },
        "kind-of": {
          "version": "3.2.2",
          "bundled": true,
          "dev": true,
          "requires": {
            "is-buffer": "^1.1.5"
          }
        },
        "lazy-cache": {
          "version": "1.0.4",
          "bundled": true,
          "dev": true,
          "optional": true
        },
        "longest": {
          "version": "1.0.1",
          "bundled": true,
          "dev": true
        },
        "minimist": {
          "version": "0.0.10",
          "bundled": true,
          "dev": true
        },
        "optimist": {
          "version": "0.6.1",
          "bundled": true,
          "dev": true,
          "requires": {
            "minimist": "~0.0.1",
            "wordwrap": "~0.0.2"
          }
        },
        "repeat-string": {
          "version": "1.6.1",
          "bundled": true,
          "dev": true
        },
        "right-align": {
          "version": "0.1.3",
          "bundled": true,
          "dev": true,
          "optional": true,
          "requires": {
            "align-text": "^0.1.1"
          }
        },
        "source-map": {
          "version": "0.4.4",
          "bundled": true,
          "dev": true,
          "requires": {
            "amdefine": ">=0.0.4"
          }
        },
        "uglify-js": {
          "version": "2.8.29",
          "bundled": true,
          "dev": true,
          "optional": true,
          "requires": {
            "source-map": "~0.5.1",
            "uglify-to-browserify": "~1.0.0",
            "yargs": "~3.10.0"
          },
          "dependencies": {
            "source-map": {
              "version": "0.5.7",
              "bundled": true,
              "dev": true,
              "optional": true
            }
          }
        },
        "uglify-to-browserify": {
          "version": "1.0.2",
          "bundled": true,
          "dev": true,
          "optional": true
        },
        "window-size": {
          "version": "0.1.0",
          "bundled": true,
          "dev": true,
          "optional": true
        },
        "wordwrap": {
          "version": "0.0.3",
          "bundled": true,
          "dev": true
        },
        "yargs": {
          "version": "3.10.0",
          "bundled": true,
          "dev": true,
          "optional": true,
          "requires": {
            "camelcase": "^1.0.2",
            "cliui": "^2.1.0",
            "decamelize": "^1.0.0",
            "window-size": "0.1.0"
          }
        }
      }
    },
    "highlight.js": {
      "version": "9.12.0",
      "resolved": "https://registry.npmjs.org/highlight.js/-/highlight.js-9.12.0.tgz",
      "integrity": "sha1-5tnb5Xy+/mB1HwKvM2GVhwyQwB4=",
      "dev": true
    },
    "interpret": {
      "version": "1.1.0",
      "resolved": "https://registry.npmjs.org/interpret/-/interpret-1.1.0.tgz",
      "integrity": "sha1-ftGxQQxqDg94z5XTuEQMY/eLhhQ="
    },
    "jasmine": {
      "version": "3.1.0",
      "resolved": "https://registry.npmjs.org/jasmine/-/jasmine-3.1.0.tgz",
      "integrity": "sha1-K9Wf1+xuwOistk4J9Fpo7SrRlSo=",
      "dev": true,
      "requires": {
        "glob": "^7.0.6",
        "jasmine-core": "~3.1.0"
      }
    },
    "jasmine-core": {
      "version": "3.1.0",
      "resolved": "https://registry.npmjs.org/jasmine-core/-/jasmine-core-3.1.0.tgz",
      "integrity": "sha1-pHheE11d9lAk38kiSVPfWFvSdmw=",
      "dev": true
    },
    "lodash": {
      "version": "4.17.10",
      "resolved": "https://registry.npmjs.org/lodash/-/lodash-4.17.10.tgz",
      "integrity": "sha512-UejweD1pDoXu+AD825lWwp4ZGtSwgnpZxb3JDViD7StjQz+Nb/6l093lx4OQ0foGWNRoc19mWy7BzL+UAK2iVg==",
      "dev": true
    },
    "marked": {
      "version": "0.3.19",
      "resolved": "https://registry.npmjs.org/marked/-/marked-0.3.19.tgz",
      "integrity": "sha512-ea2eGWOqNxPcXv8dyERdSr/6FmzvWwzjMxpfGB/sbMccXoct+xY+YukPD+QTUZwyvK7BZwcr4m21WBOW41pAkg==",
      "dev": true
    },
    "minimatch": {
      "version": "3.0.4",
      "resolved": "https://registry.npmjs.org/minimatch/-/minimatch-3.0.4.tgz",
      "integrity": "sha512-yJHVQEhyqPLUTgt9B83PXu6W3rx4MvvHvSUvToogpwoGDOUQ+yDrR0HRot+yOCdCO7u4hX3pWft6kWBBcqh0UA==",
      "dev": true,
      "requires": {
        "brace-expansion": "^1.1.7"
      },
      "dependencies": {
        "balanced-match": {
          "version": "1.0.0",
          "bundled": true,
          "dev": true
        },
        "brace-expansion": {
          "version": "1.1.11",
          "bundled": true,
          "dev": true,
          "requires": {
            "balanced-match": "^1.0.0",
            "concat-map": "0.0.1"
          }
        },
        "concat-map": {
          "version": "0.0.1",
          "bundled": true,
          "dev": true
        }
      }
    },
    "minimist": {
      "version": "1.2.0",
      "resolved": "https://registry.npmjs.org/minimist/-/minimist-1.2.0.tgz",
      "integrity": "sha1-o1AIsg9BOD7sH7kU9M1d95omQoQ=",
      "dev": true
    },
    "progress": {
      "version": "2.0.0",
      "resolved": "https://registry.npmjs.org/progress/-/progress-2.0.0.tgz",
      "integrity": "sha1-ihvjZr+Pwj2yvSPxDG/pILQ4nR8=",
      "dev": true
    },
    "rechoir": {
      "version": "0.6.2",
      "resolved": "https://registry.npmjs.org/rechoir/-/rechoir-0.6.2.tgz",
      "integrity": "sha1-hSBLVNuoLVdC4oyWdW70OvUOM4Q=",
      "requires": {
        "resolve": "^1.1.6"
      },
      "dependencies": {
        "path-parse": {
          "version": "1.0.5",
          "bundled": true
        },
        "resolve": {
          "version": "1.7.1",
          "bundled": true,
          "requires": {
            "path-parse": "^1.0.5"
          }
        }
      }
    },
    "shelljs": {
      "version": "0.8.1",
      "resolved": "https://registry.npmjs.org/shelljs/-/shelljs-0.8.1.tgz",
      "integrity": "sha512-YA/iYtZpzFe5HyWVGrb02FjPxc4EMCfpoU/Phg9fQoyMC72u9598OUBrsU8IrtwAKG0tO8IYaqbaLIw+k3IRGA==",
      "requires": {
        "glob": "^7.0.0",
        "interpret": "^1.0.0",
        "rechoir": "^0.6.2"
      }
    },
    "strip-bom": {
      "version": "3.0.0",
      "resolved": "https://registry.npmjs.org/strip-bom/-/strip-bom-3.0.0.tgz",
      "integrity": "sha1-IzTBjpx1n3vdVv3vfprj1YjmjtM=",
      "dev": true
    },
    "strip-json-comments": {
      "version": "2.0.1",
      "resolved": "https://registry.npmjs.org/strip-json-comments/-/strip-json-comments-2.0.1.tgz",
      "integrity": "sha1-PFMZQukIwml8DsNEhYwobHygpgo=",
      "dev": true
    },
    "tsconfig-paths": {
      "version": "3.3.1",
      "resolved": "https://registry.npmjs.org/tsconfig-paths/-/tsconfig-paths-3.3.1.tgz",
      "integrity": "sha512-NDoPsyNh5auc3NrTPP9x7htaROU4JXaSoc53O7fvvJJrU639Jcz7NJgntoyiLDVIPItPXYWUYPf94Wfqqf14pg==",
      "dev": true,
      "requires": {
        "deepmerge": "^2.0.1",
        "minimist": "^1.2.0",
        "strip-bom": "^3.0.0",
        "strip-json-comments": "^2.0.1"
      }
    },
    "typedoc": {
      "version": "0.11.1",
      "resolved": "https://registry.npmjs.org/typedoc/-/typedoc-0.11.1.tgz",
      "integrity": "sha512-jdNIoHm5wkZqxQTe/g9AQ3LKnZyrzHXqu6A/c9GUOeJyBWLxNr7/Dm3rwFvLksuxRNwTvY/0HRDU9sJTa9WQSg==",
      "dev": true,
      "requires": {
        "@types/fs-extra": "5.0.1",
        "@types/handlebars": "4.0.36",
        "@types/highlight.js": "9.12.2",
        "@types/lodash": "4.14.104",
        "@types/marked": "0.3.0",
        "@types/minimatch": "3.0.3",
        "@types/shelljs": "0.7.8",
        "fs-extra": "^5.0.0",
        "handlebars": "^4.0.6",
        "highlight.js": "^9.0.0",
        "lodash": "^4.17.5",
        "marked": "^0.3.17",
        "minimatch": "^3.0.0",
        "progress": "^2.0.0",
        "shelljs": "^0.8.1",
        "typedoc-default-themes": "^0.5.0",
        "typescript": "2.7.2"
      },
      "dependencies": {
        "typescript": {
          "version": "2.7.2",
          "resolved": "https://registry.npmjs.org/typescript/-/typescript-2.7.2.tgz",
          "integrity": "sha512-p5TCYZDAO0m4G344hD+wx/LATebLWZNkkh2asWUFqSsD2OrDNhbAHuSjobrmsUmdzjJjEeZVU9g1h3O6vpstnw==",
          "dev": true
        }
      }
    },
    "typedoc-default-themes": {
      "version": "0.5.0",
      "resolved": "https://registry.npmjs.org/typedoc-default-themes/-/typedoc-default-themes-0.5.0.tgz",
      "integrity": "sha1-bcJDPnjti+qOiHo6zeLzF4W9Yic=",
      "dev": true
    },
    "typescript": {
      "version": "2.8.3",
      "resolved": "https://registry.npmjs.org/typescript/-/typescript-2.8.3.tgz",
      "integrity": "sha512-K7g15Bb6Ra4lKf7Iq2l/I5/En+hLIHmxWZGq3D4DIRNFxMNV6j2SHSvDOqs2tGd4UvD/fJvrwopzQXjLrT7Itw=="
    }
  }
}
