{
  "name": "typescript-plugin-extract-interface",
  "version": "1.0.2",
  "lockfileVersion": 1,
  "requires": true,
  "dependencies": {
    "balanced-match": {
      "version": "1.0.0",
      "resolved": "https://registry.npmjs.org/balanced-match/-/balanced-match-1.0.0.tgz",
      "integrity": "sha1-ibTRmasr7kneFk6gK4nORi1xt2c="
    },
    "brace-expansion": {
      "version": "1.1.11",
      "resolved": "https://registry.npmjs.org/brace-expansion/-/brace-expansion-1.1.11.tgz",
      "integrity": "sha512-iCuPHDFgrHX7H2vEI/5xpz07zSHB00TpugqhmYtVmMO6518mCuRMoOYFldEBl0g187ufozdaHgWKcYFb61qGiA==",
      "requires": {
        "balanced-match": "^1.0.0",
        "concat-map": "0.0.1"
      }
    },
    "concat-map": {
      "version": "0.0.1",
      "resolved": "https://registry.npmjs.org/concat-map/-/concat-map-0.0.1.tgz",
      "integrity": "sha1-2Klr13/Wjfd5OnMDajug1UBdR3s="
    },
    "fs.realpath": {
      "version": "1.0.0",
      "resolved": "https://registry.npmjs.org/fs.realpath/-/fs.realpath-1.0.0.tgz",
      "integrity": "sha1-FQStJSMVjKpA20onh8sBQRmU6k8="
    },
    "glob": {
      "version": "7.1.2",
      "resolved": "https://registry.npmjs.org/glob/-/glob-7.1.2.tgz",
      "integrity": "sha512-MJTUg1kjuLeQCJ+ccE4Vpa6kKVXkPYJ2mOCQyUuKLcLQsdrMCpBPUi8qVE6+YuaJkozeA9NusTAw3hLr8Xe5EQ==",
      "requires": {
        "fs.realpath": "^1.0.0",
        "inflight": "^1.0.4",
        "inherits": "2",
        "minimatch": "^3.0.4",
        "once": "^1.3.0",
        "path-is-absolute": "^1.0.0"
      }
    },
    "hrtime-now": {
      "version": "1.0.1",
      "resolved": "https://registry.npmjs.org/hrtime-now/-/hrtime-now-1.0.1.tgz",
      "integrity": "sha512-hZLQkizrFfnw5TBqOsNeK8zuWf80q68uPHAoZDPl2wRJkbZHOwkFvMSMj6NP+sIKtl6i9ROnuHMI1oXAMohY5w=="
    },
    "inflight": {
      "version": "1.0.6",
      "resolved": "https://registry.npmjs.org/inflight/-/inflight-1.0.6.tgz",
      "integrity": "sha1-Sb1jMdfQLQwJvJEKEHW6gWW1bfk=",
      "requires": {
        "once": "^1.3.0",
        "wrappy": "1"
      }
    },
    "inherits": {
      "version": "2.0.3",
      "resolved": "https://registry.npmjs.org/inherits/-/inherits-2.0.3.tgz",
      "integrity": "sha1-Yzwsg+PaQqUC9SRmAiSA9CCCYd4="
    },
    "interpret": {
      "version": "1.1.0",
      "resolved": "https://registry.npmjs.org/interpret/-/interpret-1.1.0.tgz",
      "integrity": "sha1-ftGxQQxqDg94z5XTuEQMY/eLhhQ="
    },
    "minimatch": {
      "version": "3.0.4",
      "resolved": "https://registry.npmjs.org/minimatch/-/minimatch-3.0.4.tgz",
      "integrity": "sha512-yJHVQEhyqPLUTgt9B83PXu6W3rx4MvvHvSUvToogpwoGDOUQ+yDrR0HRot+yOCdCO7u4hX3pWft6kWBBcqh0UA==",
      "requires": {
        "brace-expansion": "^1.1.7"
      }
    },
    "once": {
      "version": "1.4.0",
      "resolved": "https://registry.npmjs.org/once/-/once-1.4.0.tgz",
      "integrity": "sha1-WDsap3WWHUsROsF9nFC6753Xa9E=",
      "requires": {
        "wrappy": "1"
      }
    },
    "path-is-absolute": {
      "version": "1.0.1",
      "resolved": "https://registry.npmjs.org/path-is-absolute/-/path-is-absolute-1.0.1.tgz",
      "integrity": "sha1-F0uSaHNVNP+8es5r9TpanhtcX18="
    },
    "path-parse": {
      "version": "1.0.5",
      "resolved": "https://registry.npmjs.org/path-parse/-/path-parse-1.0.5.tgz",
      "integrity": "sha1-PBrfhx6pzWyUMbbqK9dKD/BVxME="
    },
    "rechoir": {
      "version": "0.6.2",
      "resolved": "https://registry.npmjs.org/rechoir/-/rechoir-0.6.2.tgz",
      "integrity": "sha1-hSBLVNuoLVdC4oyWdW70OvUOM4Q=",
      "requires": {
        "resolve": "^1.1.6"
      }
    },
    "resolve": {
      "version": "1.7.1",
      "resolved": "https://registry.npmjs.org/resolve/-/resolve-1.7.1.tgz",
      "integrity": "sha512-c7rwLofp8g1U+h1KNyHL/jicrKg1Ek4q+Lr33AL65uZTinUZHe30D5HlyN5V9NW0JX1D5dXQ4jqW5l7Sy/kGfw==",
      "requires": {
        "path-parse": "^1.0.5"
      }
    },
    "shelljs": {
      "version": "0.8.2",
      "resolved": "https://registry.npmjs.org/shelljs/-/shelljs-0.8.2.tgz",
      "integrity": "sha512-pRXeNrCA2Wd9itwhvLp5LZQvPJ0wU6bcjaTMywHHGX5XWhVN2nzSu7WV0q+oUY7mGK3mgSkDDzP3MgjqdyIgbQ==",
      "requires": {
        "glob": "^7.0.0",
        "interpret": "^1.0.0",
        "rechoir": "^0.6.2"
      }
    },
    "typescript": {
      "version": "2.8.3",
      "resolved": "https://registry.npmjs.org/typescript/-/typescript-2.8.3.tgz",
      "integrity": "sha512-K7g15Bb6Ra4lKf7Iq2l/I5/En+hLIHmxWZGq3D4DIRNFxMNV6j2SHSvDOqs2tGd4UvD/fJvrwopzQXjLrT7Itw=="
    },
    "typescript-ast-util": {
      "version": "file:../typescript-ast-util",
      "requires": {
        "shelljs": "^0.8.1",
        "typescript": "^2.8.3"
      },
      "dependencies": {
        "@types/events": {
          "version": "1.2.0",
          "bundled": true
        },
        "@types/fs-extra": {
          "version": "5.0.1",
          "bundled": true,
          "requires": {
            "@types/node": "*"
          }
        },
        "@types/glob": {
          "version": "5.0.35",
          "bundled": true,
          "requires": {
            "@types/events": "*",
            "@types/minimatch": "*",
            "@types/node": "*"
          }
        },
        "@types/handlebars": {
          "version": "4.0.36",
          "bundled": true
        },
        "@types/highlight.js": {
          "version": "9.12.2",
          "bundled": true
        },
        "@types/jasmine": {
          "version": "2.8.7",
          "bundled": true
        },
        "@types/lodash": {
          "version": "4.14.104",
          "bundled": true
        },
        "@types/marked": {
          "version": "0.3.0",
          "bundled": true
        },
        "@types/minimatch": {
          "version": "3.0.3",
          "bundled": true
        },
        "@types/node": {
          "version": "10.1.2",
          "bundled": true
        },
        "@types/shelljs": {
          "version": "0.7.8",
          "bundled": true,
          "requires": {
            "@types/glob": "*",
            "@types/node": "*"
          }
        },
        "align-text": {
          "version": "0.1.4",
          "bundled": true,
          "requires": {
            "kind-of": "^3.0.2",
            "longest": "^1.0.1",
            "repeat-string": "^1.5.2"
          }
        },
        "amdefine": {
          "version": "1.0.1",
          "bundled": true
        },
        "ansi-styles": {
          "version": "3.2.1",
          "bundled": true,
          "requires": {
            "color-convert": "^1.9.0"
          }
        },
        "arrify": {
          "version": "1.0.1",
          "bundled": true
        },
        "async": {
          "version": "1.5.2",
          "bundled": true
        },
        "balanced-match": {
          "version": "1.0.0",
          "bundled": true
        },
        "brace-expansion": {
          "version": "1.1.11",
          "bundled": true,
          "requires": {
            "balanced-match": "^1.0.0",
            "concat-map": "0.0.1"
          }
        },
        "buffer-from": {
          "version": "1.0.0",
          "bundled": true
        },
        "camelcase": {
          "version": "1.2.1",
          "bundled": true,
          "optional": true
        },
        "center-align": {
          "version": "0.1.3",
          "bundled": true,
          "optional": true,
          "requires": {
            "align-text": "^0.1.3",
            "lazy-cache": "^1.0.3"
          }
        },
        "chalk": {
          "version": "2.4.1",
          "bundled": true,
          "requires": {
            "ansi-styles": "^3.2.1",
            "escape-string-regexp": "^1.0.5",
            "supports-color": "^5.3.0"
          }
        },
        "cliui": {
          "version": "2.1.0",
          "bundled": true,
          "optional": true,
          "requires": {
            "center-align": "^0.1.1",
            "right-align": "^0.1.1",
            "wordwrap": "0.0.2"
          },
          "dependencies": {
            "wordwrap": {
              "version": "0.0.2",
              "bundled": true,
              "optional": true
            }
          }
        },
        "color-convert": {
          "version": "1.9.1",
          "bundled": true,
          "requires": {
            "color-name": "^1.1.1"
          }
        },
        "color-name": {
          "version": "1.1.3",
          "bundled": true
        },
        "concat-map": {
          "version": "0.0.1",
          "bundled": true
        },
        "decamelize": {
          "version": "1.2.0",
          "bundled": true,
          "optional": true
        },
        "diff": {
          "version": "3.5.0",
          "bundled": true
        },
        "escape-string-regexp": {
          "version": "1.0.5",
          "bundled": true
        },
        "fs-extra": {
          "version": "5.0.0",
          "bundled": true,
          "requires": {
            "graceful-fs": "^4.1.2",
            "jsonfile": "^4.0.0",
            "universalify": "^0.1.0"
          }
        },
        "fs.realpath": {
          "version": "1.0.0",
          "bundled": true
        },
        "glob": {
          "version": "7.1.2",
          "bundled": true,
          "requires": {
            "fs.realpath": "^1.0.0",
            "inflight": "^1.0.4",
            "inherits": "2",
            "minimatch": "^3.0.4",
            "once": "^1.3.0",
            "path-is-absolute": "^1.0.0"
          }
        },
        "graceful-fs": {
          "version": "4.1.11",
          "bundled": true
        },
        "handlebars": {
          "version": "4.0.11",
          "bundled": true,
          "requires": {
            "async": "^1.4.0",
            "optimist": "^0.6.1",
            "source-map": "^0.4.4",
            "uglify-js": "^2.6"
          },
          "dependencies": {
            "source-map": {
              "version": "0.4.4",
              "bundled": true,
              "requires": {
                "amdefine": ">=0.0.4"
              }
            }
          }
        },
        "has-flag": {
          "version": "3.0.0",
          "bundled": true
        },
        "highlight.js": {
          "version": "9.12.0",
          "bundled": true
        },
        "inflight": {
          "version": "1.0.6",
          "bundled": true,
          "requires": {
            "once": "^1.3.0",
            "wrappy": "1"
          }
        },
        "inherits": {
          "version": "2.0.3",
          "bundled": true
        },
        "interpret": {
          "version": "1.1.0",
          "bundled": true
        },
        "is-buffer": {
          "version": "1.1.6",
          "bundled": true
        },
        "jasmine": {
          "version": "3.1.0",
          "bundled": true,
          "requires": {
            "glob": "^7.0.6",
            "jasmine-core": "~3.1.0"
          }
        },
        "jasmine-core": {
          "version": "3.1.0",
          "bundled": true
        },
        "jsonfile": {
          "version": "4.0.0",
          "bundled": true,
          "requires": {
            "graceful-fs": "^4.1.6"
          }
        },
        "kind-of": {
          "version": "3.2.2",
          "bundled": true,
          "requires": {
            "is-buffer": "^1.1.5"
          }
        },
        "lazy-cache": {
          "version": "1.0.4",
          "bundled": true,
          "optional": true
        },
        "lodash": {
          "version": "4.17.10",
          "bundled": true
        },
        "longest": {
          "version": "1.0.1",
          "bundled": true
        },
        "make-error": {
          "version": "1.3.4",
          "bundled": true
        },
        "marked": {
          "version": "0.3.19",
          "bundled": true
        },
        "minimatch": {
          "version": "3.0.4",
          "bundled": true,
          "requires": {
            "brace-expansion": "^1.1.7"
          }
        },
        "minimist": {
          "version": "1.2.0",
          "bundled": true
        },
        "mkdirp": {
          "version": "0.5.1",
          "bundled": true,
          "requires": {
            "minimist": "0.0.8"
          },
          "dependencies": {
            "minimist": {
              "version": "0.0.8",
              "bundled": true
            }
          }
        },
        "once": {
          "version": "1.4.0",
          "bundled": true,
          "requires": {
            "wrappy": "1"
          }
        },
        "optimist": {
          "version": "0.6.1",
          "bundled": true,
          "requires": {
            "minimist": "~0.0.1",
            "wordwrap": "~0.0.2"
          },
          "dependencies": {
            "minimist": {
              "version": "0.0.10",
              "bundled": true
            }
          }
        },
        "path-is-absolute": {
          "version": "1.0.1",
          "bundled": true
        },
        "path-parse": {
          "version": "1.0.5",
          "bundled": true
        },
        "progress": {
          "version": "2.0.0",
          "bundled": true
        },
        "rechoir": {
          "version": "0.6.2",
          "bundled": true,
          "requires": {
            "resolve": "^1.1.6"
          }
        },
        "repeat-string": {
          "version": "1.6.1",
          "bundled": true
        },
        "resolve": {
          "version": "1.7.1",
          "bundled": true,
          "requires": {
            "path-parse": "^1.0.5"
          }
        },
        "right-align": {
          "version": "0.1.3",
          "bundled": true,
          "optional": true,
          "requires": {
            "align-text": "^0.1.1"
          }
        },
        "shelljs": {
          "version": "0.8.2",
          "bundled": true,
          "requires": {
            "glob": "^7.0.0",
            "interpret": "^1.0.0",
            "rechoir": "^0.6.2"
          }
        },
        "source-map": {
          "version": "0.6.1",
          "bundled": true
        },
        "source-map-support": {
          "version": "0.5.6",
          "bundled": true,
          "requires": {
            "buffer-from": "^1.0.0",
            "source-map": "^0.6.0"
          }
        },
        "supports-color": {
          "version": "5.4.0",
          "bundled": true,
          "requires": {
            "has-flag": "^3.0.0"
          }
        },
        "ts-node": {
          "version": "6.0.3",
          "bundled": true,
          "requires": {
            "arrify": "^1.0.0",
            "chalk": "^2.3.0",
            "diff": "^3.1.0",
            "make-error": "^1.1.1",
            "minimist": "^1.2.0",
            "mkdirp": "^0.5.1",
            "source-map-support": "^0.5.3",
            "yn": "^2.0.0"
          }
        },
        "typedoc": {
          "version": "0.11.1",
          "bundled": true,
          "requires": {
            "@types/fs-extra": "5.0.1",
            "@types/handlebars": "4.0.36",
            "@types/highlight.js": "9.12.2",
            "@types/lodash": "4.14.104",
            "@types/marked": "0.3.0",
            "@types/minimatch": "3.0.3",
            "@types/shelljs": "0.7.8",
            "fs-extra": "^5.0.0",
            "handlebars": "^4.0.6",
            "highlight.js": "^9.0.0",
            "lodash": "^4.17.5",
            "marked": "^0.3.17",
            "minimatch": "^3.0.0",
            "progress": "^2.0.0",
            "shelljs": "^0.8.1",
            "typedoc-default-themes": "^0.5.0",
            "typescript": "2.7.2"
          },
          "dependencies": {
            "typescript": {
              "version": "2.7.2",
              "bundled": true
            }
          }
        },
        "typedoc-default-themes": {
          "version": "0.5.0",
          "bundled": true
        },
        "typescript": {
          "version": "2.8.3",
          "bundled": true
        },
        "uglify-js": {
          "version": "2.8.29",
          "bundled": true,
          "optional": true,
          "requires": {
            "source-map": "~0.5.1",
            "uglify-to-browserify": "~1.0.0",
            "yargs": "~3.10.0"
          },
          "dependencies": {
            "source-map": {
              "version": "0.5.7",
              "bundled": true,
              "optional": true
            }
          }
        },
        "uglify-to-browserify": {
          "version": "1.0.2",
          "bundled": true,
          "optional": true
        },
        "universalify": {
          "version": "0.1.1",
          "bundled": true
        },
        "window-size": {
          "version": "0.1.0",
          "bundled": true,
          "optional": true
        },
        "wordwrap": {
          "version": "0.0.3",
          "bundled": true
        },
        "wrappy": {
          "version": "1.0.2",
          "bundled": true
        },
        "yargs": {
          "version": "3.10.0",
          "bundled": true,
          "optional": true,
          "requires": {
            "camelcase": "^1.0.2",
            "cliui": "^2.1.0",
            "decamelize": "^1.0.0",
            "window-size": "0.1.0"
          }
        },
        "yn": {
          "version": "2.0.0",
          "bundled": true
        }
      }
    },
    "wrappy": {
      "version": "1.0.2",
      "resolved": "https://registry.npmjs.org/wrappy/-/wrappy-1.0.2.tgz",
      "integrity": "sha1-tSQ9jz7BqjXxNkYFvA0QNuMKtp8="
    }
  }
}
