{
  "name": "sample-ts-plugin1-sample-project",
  "version": "1.0.0",
  "lockfileVersion": 1,
  "requires": true,
  "dependencies": {
    "@types/node": {
      "version": "10.0.9",
      "resolved": "https://registry.npmjs.org/@types/node/-/node-10.0.9.tgz",
      "integrity": "sha512-ekJ3mXJcJP+Nn5kC6eCmWPND/fHx/Ga12Lz0IJgTfGz1ge7OCIR5xcDY5tcYgnyM1kWsVDRH2bguxkGcNj39AQ==",
      "dev": true
    },
    "sample-ts-plugin1": {
      "version": "file:../sample-ts-plugin1",
      "dev": true,
      "requires": {
        "typescript": "^2.8.3"
      },
      "dependencies": {
        "commander": {
          "version": "2.15.1",
          "bundled": true
        },
        "docco": {
          "version": "0.8.0",
          "bundled": true,
          "requires": {
            "commander": ">= 0.5.2",
            "fs-extra": ">= 0.6.0",
            "highlight.js": ">= 8.0.x",
            "marked": ">= 0.2.7",
            "underscore": ">= 1.0.0"
          }
        },
        "fs-extra": {
          "version": "6.0.1",
          "bundled": true,
          "requires": {
            "graceful-fs": "^4.1.2",
            "jsonfile": "^4.0.0",
            "universalify": "^0.1.0"
          }
        },
        "graceful-fs": {
          "version": "4.1.11",
          "bundled": true
        },
        "highlight.js": {
          "version": "9.12.0",
          "bundled": true
        },
        "jsonfile": {
          "version": "4.0.0",
          "bundled": true,
          "requires": {
            "graceful-fs": "^4.1.6"
          }
        },
        "marked": {
          "version": "0.3.19",
          "bundled": true
        },
        "typescript": {
          "version": "2.8.3",
          "bundled": true,
          "dev": true
        },
        "underscore": {
          "version": "1.9.0",
          "bundled": true
        },
        "universalify": {
          "version": "0.1.1",
          "bundled": true
        }
      }
    },
    "typescript": {
      "version": "2.8.3",
      "resolved": "https://registry.npmjs.org/typescript/-/typescript-2.8.3.tgz",
      "integrity": "sha512-K7g15Bb6Ra4lKf7Iq2l/I5/En+hLIHmxWZGq3D4DIRNFxMNV6j2SHSvDOqs2tGd4UvD/fJvrwopzQXjLrT7Itw==",
      "dev": true
    }
  }
}
